// !$*UTF8*$!
{
	archiveVersion = 1;
	classes = {
	};
	objectVersion = 46;
	objects = {

/* Begin PBXBuildFile section */
		33BF880518CBC8A3001CC9A0 /* Foundation.framework in Frameworks */ = {isa = PBXBuildFile; fileRef = 33BF880418CBC8A3001CC9A0 /* Foundation.framework */; };
		33BF880718CBC8A3001CC9A0 /* CoreGraphics.framework in Frameworks */ = {isa = PBXBuildFile; fileRef = 33BF880618CBC8A3001CC9A0 /* CoreGraphics.framework */; };
		33BF880918CBC8A3001CC9A0 /* UIKit.framework in Frameworks */ = {isa = PBXBuildFile; fileRef = 33BF880818CBC8A3001CC9A0 /* UIKit.framework */; };
		33BF880B18CBC8A3001CC9A0 /* SpriteKit.framework in Frameworks */ = {isa = PBXBuildFile; fileRef = 33BF880A18CBC8A3001CC9A0 /* SpriteKit.framework */; };
		33BF881118CBC8A3001CC9A0 /* InfoPlist.strings in Resources */ = {isa = PBXBuildFile; fileRef = 33BF880F18CBC8A3001CC9A0 /* InfoPlist.strings */; };
		33BF881318CBC8A3001CC9A0 /* main.m in Sources */ = {isa = PBXBuildFile; fileRef = 33BF881218CBC8A3001CC9A0 /* main.m */; };
		33BF881718CBC8A3001CC9A0 /* AppDelegate.m in Sources */ = {isa = PBXBuildFile; fileRef = 33BF881618CBC8A3001CC9A0 /* AppDelegate.m */; };
		33BF881A18CBC8A3001CC9A0 /* Main.storyboard in Resources */ = {isa = PBXBuildFile; fileRef = 33BF881818CBC8A3001CC9A0 /* Main.storyboard */; };
		33BF881D18CBC8A3001CC9A0 /* ViewController.m in Sources */ = {isa = PBXBuildFile; fileRef = 33BF881C18CBC8A3001CC9A0 /* ViewController.m */; };
		33BF882018CBC8A3001CC9A0 /* MyScene.m in Sources */ = {isa = PBXBuildFile; fileRef = 33BF881F18CBC8A3001CC9A0 /* MyScene.m */; };
		33BF882218CBC8A3001CC9A0 /* Spaceship.png in Resources */ = {isa = PBXBuildFile; fileRef = 33BF882118CBC8A3001CC9A0 /* Spaceship.png */; };
		33BF882418CBC8A3001CC9A0 /* Images.xcassets in Resources */ = {isa = PBXBuildFile; fileRef = 33BF882318CBC8A3001CC9A0 /* Images.xcassets */; };
		33BF882B18CBC8A3001CC9A0 /* XCTest.framework in Frameworks */ = {isa = PBXBuildFile; fileRef = 33BF882A18CBC8A3001CC9A0 /* XCTest.framework */; };
		33BF882C18CBC8A3001CC9A0 /* Foundation.framework in Frameworks */ = {isa = PBXBuildFile; fileRef = 33BF880418CBC8A3001CC9A0 /* Foundation.framework */; };
		33BF882D18CBC8A3001CC9A0 /* UIKit.framework in Frameworks */ = {isa = PBXBuildFile; fileRef = 33BF880818CBC8A3001CC9A0 /* UIKit.framework */; };
		33BF883518CBC8A3001CC9A0 /* InfoPlist.strings in Resources */ = {isa = PBXBuildFile; fileRef = 33BF883318CBC8A3001CC9A0 /* InfoPlist.strings */; };
		33BF883718CBC8A3001CC9A0 /* HeartCharacterV2Tests.m in Sources */ = {isa = PBXBuildFile; fileRef = 33BF883618CBC8A3001CC9A0 /* HeartCharacterV2Tests.m */; };
		33BF884218CBC962001CC9A0 /* lvl1Scene.m in Sources */ = {isa = PBXBuildFile; fileRef = 33BF884118CBC962001CC9A0 /* lvl1Scene.m */; };
		33BF884518CBC974001CC9A0 /* lvl2Scene.m in Sources */ = {isa = PBXBuildFile; fileRef = 33BF884418CBC974001CC9A0 /* lvl2Scene.m */; };
		33BF884818CBC97F001CC9A0 /* lvl3Scene.m in Sources */ = {isa = PBXBuildFile; fileRef = 33BF884718CBC97F001CC9A0 /* lvl3Scene.m */; };
		33BF884B18CBC98B001CC9A0 /* lvl4Scene.m in Sources */ = {isa = PBXBuildFile; fileRef = 33BF884A18CBC98B001CC9A0 /* lvl4Scene.m */; };
/* End PBXBuildFile section */

/* Begin PBXContainerItemProxy section */
		33BF882E18CBC8A3001CC9A0 /* PBXContainerItemProxy */ = {
			isa = PBXContainerItemProxy;
			containerPortal = 33BF87F918CBC8A3001CC9A0 /* Project object */;
			proxyType = 1;
			remoteGlobalIDString = 33BF880018CBC8A3001CC9A0;
			remoteInfo = HeartCharacterV2;
		};
/* End PBXContainerItemProxy section */

/* Begin PBXFileReference section */
		33BF880118CBC8A3001CC9A0 /* HeartCharacterV2.app */ = {isa = PBXFileReference; explicitFileType = wrapper.application; includeInIndex = 0; path = HeartCharacterV2.app; sourceTree = BUILT_PRODUCTS_DIR; };
		33BF880418CBC8A3001CC9A0 /* Foundation.framework */ = {isa = PBXFileReference; lastKnownFileType = wrapper.framework; name = Foundation.framework; path = System/Library/Frameworks/Foundation.framework; sourceTree = SDKROOT; };
		33BF880618CBC8A3001CC9A0 /* CoreGraphics.framework */ = {isa = PBXFileReference; lastKnownFileType = wrapper.framework; name = CoreGraphics.framework; path = System/Library/Frameworks/CoreGraphics.framework; sourceTree = SDKROOT; };
		33BF880818CBC8A3001CC9A0 /* UIKit.framework */ = {isa = PBXFileReference; lastKnownFileType = wrapper.framework; name = UIKit.framework; path = System/Library/Frameworks/UIKit.framework; sourceTree = SDKROOT; };
		33BF880A18CBC8A3001CC9A0 /* SpriteKit.framework */ = {isa = PBXFileReference; lastKnownFileType = wrapper.framework; name = SpriteKit.framework; path = System/Library/Frameworks/SpriteKit.framework; sourceTree = SDKROOT; };
		33BF880E18CBC8A3001CC9A0 /* HeartCharacterV2-Info.plist */ = {isa = PBXFileReference; lastKnownFileType = text.plist.xml; path = "HeartCharacterV2-Info.plist"; sourceTree = "<group>"; };
		33BF881018CBC8A3001CC9A0 /* en */ = {isa = PBXFileReference; lastKnownFileType = text.plist.strings; name = en; path = en.lproj/InfoPlist.strings; sourceTree = "<group>"; };
		33BF881218CBC8A3001CC9A0 /* main.m */ = {isa = PBXFileReference; lastKnownFileType = sourcecode.c.objc; path = main.m; sourceTree = "<group>"; };
		33BF881418CBC8A3001CC9A0 /* HeartCharacterV2-Prefix.pch */ = {isa = PBXFileReference; lastKnownFileType = sourcecode.c.h; path = "HeartCharacterV2-Prefix.pch"; sourceTree = "<group>"; };
		33BF881518CBC8A3001CC9A0 /* AppDelegate.h */ = {isa = PBXFileReference; lastKnownFileType = sourcecode.c.h; path = AppDelegate.h; sourceTree = "<group>"; };
		33BF881618CBC8A3001CC9A0 /* AppDelegate.m */ = {isa = PBXFileReference; lastKnownFileType = sourcecode.c.objc; path = AppDelegate.m; sourceTree = "<group>"; };
		33BF881918CBC8A3001CC9A0 /* Base */ = {isa = PBXFileReference; lastKnownFileType = file.storyboard; name = Base; path = Base.lproj/Main.storyboard; sourceTree = "<group>"; };
		33BF881B18CBC8A3001CC9A0 /* ViewController.h */ = {isa = PBXFileReference; lastKnownFileType = sourcecode.c.h; path = ViewController.h; sourceTree = "<group>"; };
		33BF881C18CBC8A3001CC9A0 /* ViewController.m */ = {isa = PBXFileReference; lastKnownFileType = sourcecode.c.objc; path = ViewController.m; sourceTree = "<group>"; };
		33BF881E18CBC8A3001CC9A0 /* MyScene.h */ = {isa = PBXFileReference; lastKnownFileType = sourcecode.c.h; path = MyScene.h; sourceTree = "<group>"; };
		33BF881F18CBC8A3001CC9A0 /* MyScene.m */ = {isa = PBXFileReference; lastKnownFileType = sourcecode.c.objc; path = MyScene.m; sourceTree = "<group>"; };
		33BF882118CBC8A3001CC9A0 /* Spaceship.png */ = {isa = PBXFileReference; lastKnownFileType = image.png; path = Spaceship.png; sourceTree = "<group>"; };
		33BF882318CBC8A3001CC9A0 /* Images.xcassets */ = {isa = PBXFileReference; lastKnownFileType = folder.assetcatalog; path = Images.xcassets; sourceTree = "<group>"; };
		33BF882918CBC8A3001CC9A0 /* HeartCharacterV2Tests.xctest */ = {isa = PBXFileReference; explicitFileType = wrapper.cfbundle; includeInIndex = 0; path = HeartCharacterV2Tests.xctest; sourceTree = BUILT_PRODUCTS_DIR; };
		33BF882A18CBC8A3001CC9A0 /* XCTest.framework */ = {isa = PBXFileReference; lastKnownFileType = wrapper.framework; name = XCTest.framework; path = Library/Frameworks/XCTest.framework; sourceTree = DEVELOPER_DIR; };
		33BF883218CBC8A3001CC9A0 /* HeartCharacterV2Tests-Info.plist */ = {isa = PBXFileReference; lastKnownFileType = text.plist.xml; path = "HeartCharacterV2Tests-Info.plist"; sourceTree = "<group>"; };
		33BF883418CBC8A3001CC9A0 /* en */ = {isa = PBXFileReference; lastKnownFileType = text.plist.strings; name = en; path = en.lproj/InfoPlist.strings; sourceTree = "<group>"; };
		33BF883618CBC8A3001CC9A0 /* HeartCharacterV2Tests.m */ = {isa = PBXFileReference; lastKnownFileType = sourcecode.c.objc; path = HeartCharacterV2Tests.m; sourceTree = "<group>"; };
		33BF884018CBC962001CC9A0 /* lvl1Scene.h */ = {isa = PBXFileReference; fileEncoding = 4; lastKnownFileType = sourcecode.c.h; path = lvl1Scene.h; sourceTree = "<group>"; };
		33BF884118CBC962001CC9A0 /* lvl1Scene.m */ = {isa = PBXFileReference; fileEncoding = 4; lastKnownFileType = sourcecode.c.objc; path = lvl1Scene.m; sourceTree = "<group>"; };
		33BF884318CBC974001CC9A0 /* lvl2Scene.h */ = {isa = PBXFileReference; fileEncoding = 4; lastKnownFileType = sourcecode.c.h; path = lvl2Scene.h; sourceTree = "<group>"; };
		33BF884418CBC974001CC9A0 /* lvl2Scene.m */ = {isa = PBXFileReference; fileEncoding = 4; lastKnownFileType = sourcecode.c.objc; path = lvl2Scene.m; sourceTree = "<group>"; };
		33BF884618CBC97F001CC9A0 /* lvl3Scene.h */ = {isa = PBXFileReference; fileEncoding = 4; lastKnownFileType = sourcecode.c.h; path = lvl3Scene.h; sourceTree = "<group>"; };
		33BF884718CBC97F001CC9A0 /* lvl3Scene.m */ = {isa = PBXFileReference; fileEncoding = 4; lastKnownFileType = sourcecode.c.objc; path = lvl3Scene.m; sourceTree = "<group>"; };
		33BF884918CBC98B001CC9A0 /* lvl4Scene.h */ = {isa = PBXFileReference; fileEncoding = 4; lastKnownFileType = sourcecode.c.h; path = lvl4Scene.h; sourceTree = "<group>"; };
		33BF884A18CBC98B001CC9A0 /* lvl4Scene.m */ = {isa = PBXFileReference; fileEncoding = 4; lastKnownFileType = sourcecode.c.objc; path = lvl4Scene.m; sourceTree = "<group>"; };
/* End PBXFileReference section */

/* Begin PBXFrameworksBuildPhase section */
		33BF87FE18CBC8A3001CC9A0 /* Frameworks */ = {
			isa = PBXFrameworksBuildPhase;
			buildActionMask = 2147483647;
			files = (
				33BF880718CBC8A3001CC9A0 /* CoreGraphics.framework in Frameworks */,
				33BF880918CBC8A3001CC9A0 /* UIKit.framework in Frameworks */,
				33BF880B18CBC8A3001CC9A0 /* SpriteKit.framework in Frameworks */,
				33BF880518CBC8A3001CC9A0 /* Foundation.framework in Frameworks */,
			);
			runOnlyForDeploymentPostprocessing = 0;
		};
		33BF882618CBC8A3001CC9A0 /* Frameworks */ = {
			isa = PBXFrameworksBuildPhase;
			buildActionMask = 2147483647;
			files = (
				33BF882B18CBC8A3001CC9A0 /* XCTest.framework in Frameworks */,
				33BF882D18CBC8A3001CC9A0 /* UIKit.framework in Frameworks */,
				33BF882C18CBC8A3001CC9A0 /* Foundation.framework in Frameworks */,
			);
			runOnlyForDeploymentPostprocessing = 0;
		};
/* End PBXFrameworksBuildPhase section */

/* Begin PBXGroup section */
		33BF87F818CBC8A3001CC9A0 = {
			isa = PBXGroup;
			children = (
				33BF880C18CBC8A3001CC9A0 /* HeartCharacterV2 */,
				33BF883018CBC8A3001CC9A0 /* HeartCharacterV2Tests */,
				33BF880318CBC8A3001CC9A0 /* Frameworks */,
				33BF880218CBC8A3001CC9A0 /* Products */,
			);
			sourceTree = "<group>";
		};
		33BF880218CBC8A3001CC9A0 /* Products */ = {
			isa = PBXGroup;
			children = (
				33BF880118CBC8A3001CC9A0 /* HeartCharacterV2.app */,
				33BF882918CBC8A3001CC9A0 /* HeartCharacterV2Tests.xctest */,
			);
			name = Products;
			sourceTree = "<group>";
		};
		33BF880318CBC8A3001CC9A0 /* Frameworks */ = {
			isa = PBXGroup;
			children = (
				33BF880418CBC8A3001CC9A0 /* Foundation.framework */,
				33BF880618CBC8A3001CC9A0 /* CoreGraphics.framework */,
				33BF880818CBC8A3001CC9A0 /* UIKit.framework */,
				33BF880A18CBC8A3001CC9A0 /* SpriteKit.framework */,
				33BF882A18CBC8A3001CC9A0 /* XCTest.framework */,
			);
			name = Frameworks;
			sourceTree = "<group>";
		};
		33BF880C18CBC8A3001CC9A0 /* HeartCharacterV2 */ = {
			isa = PBXGroup;
			children = (
				33BF881518CBC8A3001CC9A0 /* AppDelegate.h */,
				33BF881618CBC8A3001CC9A0 /* AppDelegate.m */,
				33BF881818CBC8A3001CC9A0 /* Main.storyboard */,
				33BF881B18CBC8A3001CC9A0 /* ViewController.h */,
				33BF881C18CBC8A3001CC9A0 /* ViewController.m */,
				33BF881E18CBC8A3001CC9A0 /* MyScene.h */,
				33BF881F18CBC8A3001CC9A0 /* MyScene.m */,
				33BF884018CBC962001CC9A0 /* lvl1Scene.h */,
				33BF884118CBC962001CC9A0 /* lvl1Scene.m */,
				33BF884318CBC974001CC9A0 /* lvl2Scene.h */,
				33BF884418CBC974001CC9A0 /* lvl2Scene.m */,
				33BF884618CBC97F001CC9A0 /* lvl3Scene.h */,
				33BF884718CBC97F001CC9A0 /* lvl3Scene.m */,
				33BF884918CBC98B001CC9A0 /* lvl4Scene.h */,
				33BF884A18CBC98B001CC9A0 /* lvl4Scene.m */,
				33BF882118CBC8A3001CC9A0 /* Spaceship.png */,
				33BF882318CBC8A3001CC9A0 /* Images.xcassets */,
				33BF880D18CBC8A3001CC9A0 /* Supporting Files */,
			);
			path = HeartCharacterV2;
			sourceTree = "<group>";
		};
		33BF880D18CBC8A3001CC9A0 /* Supporting Files */ = {
			isa = PBXGroup;
			children = (
				33BF880E18CBC8A3001CC9A0 /* HeartCharacterV2-Info.plist */,
				33BF880F18CBC8A3001CC9A0 /* InfoPlist.strings */,
				33BF881218CBC8A3001CC9A0 /* main.m */,
				33BF881418CBC8A3001CC9A0 /* HeartCharacterV2-Prefix.pch */,
			);
			name = "Supporting Files";
			sourceTree = "<group>";
		};
		33BF883018CBC8A3001CC9A0 /* HeartCharacterV2Tests */ = {
			isa = PBXGroup;
			children = (
				33BF883618CBC8A3001CC9A0 /* HeartCharacterV2Tests.m */,
				33BF883118CBC8A3001CC9A0 /* Supporting Files */,
			);
			path = HeartCharacterV2Tests;
			sourceTree = "<group>";
		};
		33BF883118CBC8A3001CC9A0 /* Supporting Files */ = {
			isa = PBXGroup;
			children = (
				33BF883218CBC8A3001CC9A0 /* HeartCharacterV2Tests-Info.plist */,
				33BF883318CBC8A3001CC9A0 /* InfoPlist.strings */,
			);
			name = "Supporting Files";
			sourceTree = "<group>";
		};
/* End PBXGroup section */

/* Begin PBXNativeTarget section */
		33BF880018CBC8A3001CC9A0 /* HeartCharacterV2 */ = {
			isa = PBXNativeTarget;
			buildConfigurationList = 33BF883A18CBC8A3001CC9A0 /* Build configuration list for PBXNativeTarget "HeartCharacterV2" */;
			buildPhases = (
				33BF87FD18CBC8A3001CC9A0 /* Sources */,
				33BF87FE18CBC8A3001CC9A0 /* Frameworks */,
				33BF87FF18CBC8A3001CC9A0 /* Resources */,
			);
			buildRules = (
			);
			dependencies = (
			);
			name = HeartCharacterV2;
			productName = HeartCharacterV2;
			productReference = 33BF880118CBC8A3001CC9A0 /* HeartCharacterV2.app */;
			productType = "com.apple.product-type.application";
		};
		33BF882818CBC8A3001CC9A0 /* HeartCharacterV2Tests */ = {
			isa = PBXNativeTarget;
			buildConfigurationList = 33BF883D18CBC8A3001CC9A0 /* Build configuration list for PBXNativeTarget "HeartCharacterV2Tests" */;
			buildPhases = (
				33BF882518CBC8A3001CC9A0 /* Sources */,
				33BF882618CBC8A3001CC9A0 /* Frameworks */,
				33BF882718CBC8A3001CC9A0 /* Resources */,
			);
			buildRules = (
			);
			dependencies = (
				33BF882F18CBC8A3001CC9A0 /* PBXTargetDependency */,
			);
			name = HeartCharacterV2Tests;
			productName = HeartCharacterV2Tests;
			productReference = 33BF882918CBC8A3001CC9A0 /* HeartCharacterV2Tests.xctest */;
			productType = "com.apple.product-type.bundle.unit-test";
		};
/* End PBXNativeTarget section */

/* Begin PBXProject section */
		33BF87F918CBC8A3001CC9A0 /* Project object */ = {
			isa = PBXProject;
			attributes = {
				LastUpgradeCheck = 0500;
				ORGANIZATIONNAME = compagnb;
				TargetAttributes = {
					33BF882818CBC8A3001CC9A0 = {
						TestTargetID = 33BF880018CBC8A3001CC9A0;
					};
				};
			};
			buildConfigurationList = 33BF87FC18CBC8A3001CC9A0 /* Build configuration list for PBXProject "HeartCharacterV2" */;
			compatibilityVersion = "Xcode 3.2";
			developmentRegion = English;
			hasScannedForEncodings = 0;
			knownRegions = (
				en,
				Base,
			);
			mainGroup = 33BF87F818CBC8A3001CC9A0;
			productRefGroup = 33BF880218CBC8A3001CC9A0 /* Products */;
			projectDirPath = "";
			projectRoot = "";
			targets = (
				33BF880018CBC8A3001CC9A0 /* HeartCharacterV2 */,
				33BF882818CBC8A3001CC9A0 /* HeartCharacterV2Tests */,
			);
		};
/* End PBXProject section */

/* Begin PBXResourcesBuildPhase section */
		33BF87FF18CBC8A3001CC9A0 /* Resources */ = {
			isa = PBXResourcesBuildPhase;
			buildActionMask = 2147483647;
			files = (
				33BF881118CBC8A3001CC9A0 /* InfoPlist.strings in Resources */,
				33BF882418CBC8A3001CC9A0 /* Images.xcassets in Resources */,
				33BF882218CBC8A3001CC9A0 /* Spaceship.png in Resources */,
				33BF881A18CBC8A3001CC9A0 /* Main.storyboard in Resources */,
			);
			runOnlyForDeploymentPostprocessing = 0;
		};
		33BF882718CBC8A3001CC9A0 /* Resources */ = {
			isa = PBXResourcesBuildPhase;
			buildActionMask = 2147483647;
			files = (
				33BF883518CBC8A3001CC9A0 /* InfoPlist.strings in Resources */,
			);
			runOnlyForDeploymentPostprocessing = 0;
		};
/* End PBXResourcesBuildPhase section */

/* Begin PBXSourcesBuildPhase section */
		33BF87FD18CBC8A3001CC9A0 /* Sources */ = {
			isa = PBXSourcesBuildPhase;
			buildActionMask = 2147483647;
			files = (
				33BF882018CBC8A3001CC9A0 /* MyScene.m in Sources */,
				33BF884818CBC97F001CC9A0 /* lvl3Scene.m in Sources */,
				33BF881D18CBC8A3001CC9A0 /* ViewController.m in Sources */,
				33BF881718CBC8A3001CC9A0 /* AppDelegate.m in Sources */,
				33BF884218CBC962001CC9A0 /* lvl1Scene.m in Sources */,
				33BF884518CBC974001CC9A0 /* lvl2Scene.m in Sources */,
				33BF884B18CBC98B001CC9A0 /* lvl4Scene.m in Sources */,
				33BF881318CBC8A3001CC9A0 /* main.m in Sources */,
			);
			runOnlyForDeploymentPostprocessing = 0;
		};
		33BF882518CBC8A3001CC9A0 /* Sources */ = {
			isa = PBXSourcesBuildPhase;
			buildActionMask = 2147483647;
			files = (
				33BF883718CBC8A3001CC9A0 /* HeartCharacterV2Tests.m in Sources */,
			);
			runOnlyForDeploymentPostprocessing = 0;
		};
/* End PBXSourcesBuildPhase section */

/* Begin PBXTargetDependency section */
		33BF882F18CBC8A3001CC9A0 /* PBXTargetDependency */ = {
			isa = PBXTargetDependency;
			target = 33BF880018CBC8A3001CC9A0 /* HeartCharacterV2 */;
			targetProxy = 33BF882E18CBC8A3001CC9A0 /* PBXContainerItemProxy */;
		};
/* End PBXTargetDependency section */

/* Begin PBXVariantGroup section */
		33BF880F18CBC8A3001CC9A0 /* InfoPlist.strings */ = {
			isa = PBXVariantGroup;
			children = (
				33BF881018CBC8A3001CC9A0 /* en */,
			);
			name = InfoPlist.strings;
			sourceTree = "<group>";
		};
		33BF881818CBC8A3001CC9A0 /* Main.storyboard */ = {
			isa = PBXVariantGroup;
			children = (
				33BF881918CBC8A3001CC9A0 /* Base */,
			);
			name = Main.storyboard;
			sourceTree = "<group>";
		};
		33BF883318CBC8A3001CC9A0 /* InfoPlist.strings */ = {
			isa = PBXVariantGroup;
			children = (
				33BF883418CBC8A3001CC9A0 /* en */,
			);
			name = InfoPlist.strings;
			sourceTree = "<group>";
		};
/* End PBXVariantGroup section */

/* Begin XCBuildConfiguration section */
		33BF883818CBC8A3001CC9A0 /* Debug */ = {
			isa = XCBuildConfiguration;
			buildSettings = {
				ALWAYS_SEARCH_USER_PATHS = NO;
				ARCHS = "$(ARCHS_STANDARD_INCLUDING_64_BIT)";
				CLANG_CXX_LANGUAGE_STANDARD = "gnu++0x";
				CLANG_CXX_LIBRARY = "libc++";
				CLANG_ENABLE_MODULES = YES;
				CLANG_ENABLE_OBJC_ARC = YES;
				CLANG_WARN_BOOL_CONVERSION = YES;
				CLANG_WARN_CONSTANT_CONVERSION = YES;
				CLANG_WARN_DIRECT_OBJC_ISA_USAGE = YES_ERROR;
				CLANG_WARN_EMPTY_BODY = YES;
				CLANG_WARN_ENUM_CONVERSION = YES;
				CLANG_WARN_INT_CONVERSION = YES;
				CLANG_WARN_OBJC_ROOT_CLASS = YES_ERROR;
				CLANG_WARN__DUPLICATE_METHOD_MATCH = YES;
				"CODE_SIGN_IDENTITY[sdk=iphoneos*]" = "iPhone Developer";
				COPY_PHASE_STRIP = NO;
				GCC_C_LANGUAGE_STANDARD = gnu99;
				GCC_DYNAMIC_NO_PIC = NO;
				GCC_OPTIMIZATION_LEVEL = 0;
				GCC_PREPROCESSOR_DEFINITIONS = (
					"DEBUG=1",
					"$(inherited)",
				);
				GCC_SYMBOLS_PRIVATE_EXTERN = NO;
				GCC_WARN_64_TO_32_BIT_CONVERSION = YES;
				GCC_WARN_ABOUT_RETURN_TYPE = YES_ERROR;
				GCC_WARN_UNDECLARED_SELECTOR = YES;
				GCC_WARN_UNINITIALIZED_AUTOS = YES;
				GCC_WARN_UNUSED_FUNCTION = YES;
				GCC_WARN_UNUSED_VARIABLE = YES;
				IPHONEOS_DEPLOYMENT_TARGET = 7.0;
				ONLY_ACTIVE_ARCH = YES;
				SDKROOT = iphoneos;
			};
			name = Debug;
		};
		33BF883918CBC8A3001CC9A0 /* Release */ = {
			isa = XCBuildConfiguration;
			buildSettings = {
				ALWAYS_SEARCH_USER_PATHS = NO;
				ARCHS = "$(ARCHS_STANDARD_INCLUDING_64_BIT)";
				CLANG_CXX_LANGUAGE_STANDARD = "gnu++0x";
				CLANG_CXX_LIBRARY = "libc++";
				CLANG_ENABLE_MODULES = YES;
				CLANG_ENABLE_OBJC_ARC = YES;
				CLANG_WARN_BOOL_CONVERSION = YES;
				CLANG_WARN_CONSTANT_CONVERSION = YES;
				CLANG_WARN_DIRECT_OBJC_ISA_USAGE = YES_ERROR;
				CLANG_WARN_EMPTY_BODY = YES;
				CLANG_WARN_ENUM_CONVERSION = YES;
				CLANG_WARN_INT_CONVERSION = YES;
				CLANG_WARN_OBJC_ROOT_CLASS = YES_ERROR;
				CLANG_WARN__DUPLICATE_METHOD_MATCH = YES;
				"CODE_SIGN_IDENTITY[sdk=iphoneos*]" = "iPhone Developer";
				COPY_PHASE_STRIP = YES;
				ENABLE_NS_ASSERTIONS = NO;
				GCC_C_LANGUAGE_STANDARD = gnu99;
				GCC_WARN_64_TO_32_BIT_CONVERSION = YES;
				GCC_WARN_ABOUT_RETURN_TYPE = YES_ERROR;
				GCC_WARN_UNDECLARED_SELECTOR = YES;
				GCC_WARN_UNINITIALIZED_AUTOS = YES;
				GCC_WARN_UNUSED_FUNCTION = YES;
				GCC_WARN_UNUSED_VARIABLE = YES;
				IPHONEOS_DEPLOYMENT_TARGET = 7.0;
				SDKROOT = iphoneos;
				VALIDATE_PRODUCT = YES;
			};
			name = Release;
		};
		33BF883B18CBC8A3001CC9A0 /* Debug */ = {
			isa = XCBuildConfiguration;
			buildSettings = {
				ASSETCATALOG_COMPILER_APPICON_NAME = AppIcon;
				ASSETCATALOG_COMPILER_LAUNCHIMAGE_NAME = LaunchImage;
				GCC_PRECOMPILE_PREFIX_HEADER = YES;
				GCC_PREFIX_HEADER = "HeartCharacterV2/HeartCharacterV2-Prefix.pch";
				INFOPLIST_FILE = "HeartCharacterV2/HeartCharacterV2-Info.plist";
				PRODUCT_NAME = "$(TARGET_NAME)";
				SPRITEKIT_TEXTURE_ATLAS_OUTPUT = YES;
				WRAPPER_EXTENSION = app;
			};
			name = Debug;
		};
		33BF883C18CBC8A3001CC9A0 /* Release */ = {
			isa = XCBuildConfiguration;
			buildSettings = {
				ASSETCATALOG_COMPILER_APPICON_NAME = AppIcon;
				ASSETCATALOG_COMPILER_LAUNCHIMAGE_NAME = LaunchImage;
				GCC_PRECOMPILE_PREFIX_HEADER = YES;
				GCC_PREFIX_HEADER = "HeartCharacterV2/HeartCharacterV2-Prefix.pch";
				INFOPLIST_FILE = "HeartCharacterV2/HeartCharacterV2-Info.plist";
				PRODUCT_NAME = "$(TARGET_NAME)";
				SPRITEKIT_TEXTURE_ATLAS_OUTPUT = YES;
				WRAPPER_EXTENSION = app;
			};
			name = Release;
		};
		33BF883E18CBC8A3001CC9A0 /* Debug */ = {
			isa = XCBuildConfiguration;
			buildSettings = {
				ARCHS = "$(ARCHS_STANDARD_INCLUDING_64_BIT)";
				BUNDLE_LOADER = "$(BUILT_PRODUCTS_DIR)/HeartCharacterV2.app/HeartCharacterV2";
				FRAMEWORK_SEARCH_PATHS = (
					"$(SDKROOT)/Developer/Library/Frameworks",
					"$(inherited)",
					"$(DEVELOPER_FRAMEWORKS_DIR)",
				);
				GCC_PRECOMPILE_PREFIX_HEADER = YES;
				GCC_PREFIX_HEADER = "HeartCharacterV2/HeartCharacterV2-Prefix.pch";
				GCC_PREPROCESSOR_DEFINITIONS = (
					"DEBUG=1",
					"$(inherited)",
				);
				INFOPLIST_FILE = "HeartCharacterV2Tests/HeartCharacterV2Tests-Info.plist";
				PRODUCT_NAME = "$(TARGET_NAME)";
				TEST_HOST = "$(BUNDLE_LOADER)";
				WRAPPER_EXTENSION = xctest;
			};
			name = Debug;
		};
		33BF883F18CBC8A3001CC9A0 /* Release */ = {
			isa = XCBuildConfiguration;
			buildSettings = {
				ARCHS = "$(ARCHS_STANDARD_INCLUDING_64_BIT)";
				BUNDLE_LOADER = "$(BUILT_PRODUCTS_DIR)/HeartCharacterV2.app/HeartCharacterV2";
				FRAMEWORK_SEARCH_PATHS = (
					"$(SDKROOT)/Developer/Library/Frameworks",
					"$(inherited)",
					"$(DEVELOPER_FRAMEWORKS_DIR)",
				);
				GCC_PRECOMPILE_PREFIX_HEADER = YES;
				GCC_PREFIX_HEADER = "HeartCharacterV2/HeartCharacterV2-Prefix.pch";
				INFOPLIST_FILE = "HeartCharacterV2Tests/HeartCharacterV2Tests-Info.plist";
				PRODUCT_NAME = "$(TARGET_NAME)";
				TEST_HOST = "$(BUNDLE_LOADER)";
				WRAPPER_EXTENSION = xctest;
			};
			name = Release;
		};
/* End XCBuildConfiguration section */

/* Begin XCConfigurationList section */
		33BF87FC18CBC8A3001CC9A0 /* Build configuration list for PBXProject "HeartCharacterV2" */ = {
			isa = XCConfigurationList;
			buildConfigurations = (
				33BF883818CBC8A3001CC9A0 /* Debug */,
				33BF883918CBC8A3001CC9A0 /* Release */,
			);
			defaultConfigurationIsVisible = 0;
			defaultConfigurationName = Release;
		};
		33BF883A18CBC8A3001CC9A0 /* Build configuration list for PBXNativeTarget "HeartCharacterV2" */ = {
			isa = XCConfigurationList;
			buildConfigurations = (
				33BF883B18CBC8A3001CC9A0 /* Debug */,
				33BF883C18CBC8A3001CC9A0 /* Release */,
			);
			defaultConfigurationIsVisible = 0;
		};
		33BF883D18CBC8A3001CC9A0 /* Build configuration list for PBXNativeTarget "HeartCharacterV2Tests" */ = {
			isa = XCConfigurationList;
			buildConfigurations = (
				33BF883E18CBC8A3001CC9A0 /* Debug */,
				33BF883F18CBC8A3001CC9A0 /* Release */,
			);
			defaultConfigurationIsVisible = 0;
		};
/* End XCConfigurationList section */
	};
	rootObject = 33BF87F918CBC8A3001CC9A0 /* Project object */;
}
