// !$*UTF8*$!
{
	archiveVersion = 1;
	classes = {
	};
	objectVersion = 46;
	objects = {

/* Begin PBXBuildFile section */
		3335CA4D18BFFC64009B45AF /* Foundation.framework in Frameworks */ = {isa = PBXBuildFile; fileRef = 3335CA4C18BFFC64009B45AF /* Foundation.framework */; };
		3335CA4F18BFFC64009B45AF /* CoreGraphics.framework in Frameworks */ = {isa = PBXBuildFile; fileRef = 3335CA4E18BFFC64009B45AF /* CoreGraphics.framework */; };
		3335CA5118BFFC64009B45AF /* UIKit.framework in Frameworks */ = {isa = PBXBuildFile; fileRef = 3335CA5018BFFC64009B45AF /* UIKit.framework */; };
		3335CA5318BFFC64009B45AF /* SpriteKit.framework in Frameworks */ = {isa = PBXBuildFile; fileRef = 3335CA5218BFFC64009B45AF /* SpriteKit.framework */; };
		3335CA5918BFFC64009B45AF /* InfoPlist.strings in Resources */ = {isa = PBXBuildFile; fileRef = 3335CA5718BFFC64009B45AF /* InfoPlist.strings */; };
		3335CA5B18BFFC64009B45AF /* main.m in Sources */ = {isa = PBXBuildFile; fileRef = 3335CA5A18BFFC64009B45AF /* main.m */; };
		3335CA5F18BFFC64009B45AF /* XYZAppDelegate.m in Sources */ = {isa = PBXBuildFile; fileRef = 3335CA5E18BFFC64009B45AF /* XYZAppDelegate.m */; };
		3335CA6218BFFC64009B45AF /* Main.storyboard in Resources */ = {isa = PBXBuildFile; fileRef = 3335CA6018BFFC64009B45AF /* Main.storyboard */; };
		3335CA6518BFFC64009B45AF /* XYZViewController.m in Sources */ = {isa = PBXBuildFile; fileRef = 3335CA6418BFFC64009B45AF /* XYZViewController.m */; };
		3335CA6818BFFC64009B45AF /* XYZMyScene.m in Sources */ = {isa = PBXBuildFile; fileRef = 3335CA6718BFFC64009B45AF /* XYZMyScene.m */; };
		3335CA6A18BFFC64009B45AF /* Spaceship.png in Resources */ = {isa = PBXBuildFile; fileRef = 3335CA6918BFFC64009B45AF /* Spaceship.png */; };
		3335CA6C18BFFC64009B45AF /* Images.xcassets in Resources */ = {isa = PBXBuildFile; fileRef = 3335CA6B18BFFC64009B45AF /* Images.xcassets */; };
		3335CA7318BFFC64009B45AF /* XCTest.framework in Frameworks */ = {isa = PBXBuildFile; fileRef = 3335CA7218BFFC64009B45AF /* XCTest.framework */; };
		3335CA7418BFFC64009B45AF /* Foundation.framework in Frameworks */ = {isa = PBXBuildFile; fileRef = 3335CA4C18BFFC64009B45AF /* Foundation.framework */; };
		3335CA7518BFFC64009B45AF /* UIKit.framework in Frameworks */ = {isa = PBXBuildFile; fileRef = 3335CA5018BFFC64009B45AF /* UIKit.framework */; };
		3335CA7D18BFFC64009B45AF /* InfoPlist.strings in Resources */ = {isa = PBXBuildFile; fileRef = 3335CA7B18BFFC64009B45AF /* InfoPlist.strings */; };
		3335CA7F18BFFC64009B45AF /* Character2Tests.m in Sources */ = {isa = PBXBuildFile; fileRef = 3335CA7E18BFFC64009B45AF /* Character2Tests.m */; };
		3335CA8A18BFFEBE009B45AF /* myScene1.m in Sources */ = {isa = PBXBuildFile; fileRef = 3335CA8918BFFEBE009B45AF /* myScene1.m */; };
		3335CA8D18BFFED8009B45AF /* myScene2.m in Sources */ = {isa = PBXBuildFile; fileRef = 3335CA8C18BFFED8009B45AF /* myScene2.m */; };
		3335CA9018BFFEE4009B45AF /* myScene3.m in Sources */ = {isa = PBXBuildFile; fileRef = 3335CA8F18BFFEE4009B45AF /* myScene3.m */; };
		3335CA9318BFFEEF009B45AF /* myScene4.m in Sources */ = {isa = PBXBuildFile; fileRef = 3335CA9218BFFEEF009B45AF /* myScene4.m */; };
		33A65E8B18C2D8DF00CE6595 /* L1.png in Resources */ = {isa = PBXBuildFile; fileRef = 33A65E8118C2D8DF00CE6595 /* L1.png */; };
		33A65E8C18C2D8DF00CE6595 /* L1Heart.png in Resources */ = {isa = PBXBuildFile; fileRef = 33A65E8218C2D8DF00CE6595 /* L1Heart.png */; };
		33A65E8D18C2D8DF00CE6595 /* L2.png in Resources */ = {isa = PBXBuildFile; fileRef = 33A65E8318C2D8DF00CE6595 /* L2.png */; };
		33A65E8E18C2D8DF00CE6595 /* L2Hearts.png in Resources */ = {isa = PBXBuildFile; fileRef = 33A65E8418C2D8DF00CE6595 /* L2Hearts.png */; };
		33A65E8F18C2D8DF00CE6595 /* L3.png in Resources */ = {isa = PBXBuildFile; fileRef = 33A65E8518C2D8DF00CE6595 /* L3.png */; };
		33A65E9018C2D8DF00CE6595 /* L3Hearts.png in Resources */ = {isa = PBXBuildFile; fileRef = 33A65E8618C2D8DF00CE6595 /* L3Hearts.png */; };
		33A65E9118C2D8DF00CE6595 /* L4.png in Resources */ = {isa = PBXBuildFile; fileRef = 33A65E8718C2D8DF00CE6595 /* L4.png */; };
		33A65E9218C2D8DF00CE6595 /* L4Hearts.png in Resources */ = {isa = PBXBuildFile; fileRef = 33A65E8818C2D8DF00CE6595 /* L4Hearts.png */; };
		33A65E9318C2D8DF00CE6595 /* L12Bkgrd.png in Resources */ = {isa = PBXBuildFile; fileRef = 33A65E8918C2D8DF00CE6595 /* L12Bkgrd.png */; };
		33A65E9418C2D8DF00CE6595 /* L34Bkgrd.png in Resources */ = {isa = PBXBuildFile; fileRef = 33A65E8A18C2D8DF00CE6595 /* L34Bkgrd.png */; };
/* End PBXBuildFile section */

/* Begin PBXContainerItemProxy section */
		3335CA7618BFFC64009B45AF /* PBXContainerItemProxy */ = {
			isa = PBXContainerItemProxy;
			containerPortal = 3335CA4118BFFC64009B45AF /* Project object */;
			proxyType = 1;
			remoteGlobalIDString = 3335CA4818BFFC64009B45AF;
			remoteInfo = Character2;
		};
/* End PBXContainerItemProxy section */

/* Begin PBXFileReference section */
		3335CA4918BFFC64009B45AF /* Character2.app */ = {isa = PBXFileReference; explicitFileType = wrapper.application; includeInIndex = 0; path = Character2.app; sourceTree = BUILT_PRODUCTS_DIR; };
		3335CA4C18BFFC64009B45AF /* Foundation.framework */ = {isa = PBXFileReference; lastKnownFileType = wrapper.framework; name = Foundation.framework; path = System/Library/Frameworks/Foundation.framework; sourceTree = SDKROOT; };
		3335CA4E18BFFC64009B45AF /* CoreGraphics.framework */ = {isa = PBXFileReference; lastKnownFileType = wrapper.framework; name = CoreGraphics.framework; path = System/Library/Frameworks/CoreGraphics.framework; sourceTree = SDKROOT; };
		3335CA5018BFFC64009B45AF /* UIKit.framework */ = {isa = PBXFileReference; lastKnownFileType = wrapper.framework; name = UIKit.framework; path = System/Library/Frameworks/UIKit.framework; sourceTree = SDKROOT; };
		3335CA5218BFFC64009B45AF /* SpriteKit.framework */ = {isa = PBXFileReference; lastKnownFileType = wrapper.framework; name = SpriteKit.framework; path = System/Library/Frameworks/SpriteKit.framework; sourceTree = SDKROOT; };
		3335CA5618BFFC64009B45AF /* Character2-Info.plist */ = {isa = PBXFileReference; lastKnownFileType = text.plist.xml; path = "Character2-Info.plist"; sourceTree = "<group>"; };
		3335CA5818BFFC64009B45AF /* en */ = {isa = PBXFileReference; lastKnownFileType = text.plist.strings; name = en; path = en.lproj/InfoPlist.strings; sourceTree = "<group>"; };
		3335CA5A18BFFC64009B45AF /* main.m */ = {isa = PBXFileReference; lastKnownFileType = sourcecode.c.objc; path = main.m; sourceTree = "<group>"; };
		3335CA5C18BFFC64009B45AF /* Character2-Prefix.pch */ = {isa = PBXFileReference; lastKnownFileType = sourcecode.c.h; path = "Character2-Prefix.pch"; sourceTree = "<group>"; };
		3335CA5D18BFFC64009B45AF /* XYZAppDelegate.h */ = {isa = PBXFileReference; lastKnownFileType = sourcecode.c.h; path = XYZAppDelegate.h; sourceTree = "<group>"; };
		3335CA5E18BFFC64009B45AF /* XYZAppDelegate.m */ = {isa = PBXFileReference; lastKnownFileType = sourcecode.c.objc; path = XYZAppDelegate.m; sourceTree = "<group>"; };
		3335CA6118BFFC64009B45AF /* Base */ = {isa = PBXFileReference; lastKnownFileType = file.storyboard; name = Base; path = Base.lproj/Main.storyboard; sourceTree = "<group>"; };
		3335CA6318BFFC64009B45AF /* XYZViewController.h */ = {isa = PBXFileReference; lastKnownFileType = sourcecode.c.h; path = XYZViewController.h; sourceTree = "<group>"; };
		3335CA6418BFFC64009B45AF /* XYZViewController.m */ = {isa = PBXFileReference; lastKnownFileType = sourcecode.c.objc; path = XYZViewController.m; sourceTree = "<group>"; };
		3335CA6618BFFC64009B45AF /* XYZMyScene.h */ = {isa = PBXFileReference; lastKnownFileType = sourcecode.c.h; path = XYZMyScene.h; sourceTree = "<group>"; };
		3335CA6718BFFC64009B45AF /* XYZMyScene.m */ = {isa = PBXFileReference; lastKnownFileType = sourcecode.c.objc; path = XYZMyScene.m; sourceTree = "<group>"; };
		3335CA6918BFFC64009B45AF /* Spaceship.png */ = {isa = PBXFileReference; lastKnownFileType = image.png; path = Spaceship.png; sourceTree = "<group>"; };
		3335CA6B18BFFC64009B45AF /* Images.xcassets */ = {isa = PBXFileReference; lastKnownFileType = folder.assetcatalog; path = Images.xcassets; sourceTree = "<group>"; };
		3335CA7118BFFC64009B45AF /* Character2Tests.xctest */ = {isa = PBXFileReference; explicitFileType = wrapper.cfbundle; includeInIndex = 0; path = Character2Tests.xctest; sourceTree = BUILT_PRODUCTS_DIR; };
		3335CA7218BFFC64009B45AF /* XCTest.framework */ = {isa = PBXFileReference; lastKnownFileType = wrapper.framework; name = XCTest.framework; path = Library/Frameworks/XCTest.framework; sourceTree = DEVELOPER_DIR; };
		3335CA7A18BFFC64009B45AF /* Character2Tests-Info.plist */ = {isa = PBXFileReference; lastKnownFileType = text.plist.xml; path = "Character2Tests-Info.plist"; sourceTree = "<group>"; };
		3335CA7C18BFFC64009B45AF /* en */ = {isa = PBXFileReference; lastKnownFileType = text.plist.strings; name = en; path = en.lproj/InfoPlist.strings; sourceTree = "<group>"; };
		3335CA7E18BFFC64009B45AF /* Character2Tests.m */ = {isa = PBXFileReference; lastKnownFileType = sourcecode.c.objc; path = Character2Tests.m; sourceTree = "<group>"; };
		3335CA8818BFFEBE009B45AF /* myScene1.h */ = {isa = PBXFileReference; fileEncoding = 4; lastKnownFileType = sourcecode.c.h; path = myScene1.h; sourceTree = "<group>"; };
		3335CA8918BFFEBE009B45AF /* myScene1.m */ = {isa = PBXFileReference; fileEncoding = 4; lastKnownFileType = sourcecode.c.objc; path = myScene1.m; sourceTree = "<group>"; };
		3335CA8B18BFFED8009B45AF /* myScene2.h */ = {isa = PBXFileReference; fileEncoding = 4; lastKnownFileType = sourcecode.c.h; path = myScene2.h; sourceTree = "<group>"; };
		3335CA8C18BFFED8009B45AF /* myScene2.m */ = {isa = PBXFileReference; fileEncoding = 4; lastKnownFileType = sourcecode.c.objc; path = myScene2.m; sourceTree = "<group>"; };
		3335CA8E18BFFEE4009B45AF /* myScene3.h */ = {isa = PBXFileReference; fileEncoding = 4; lastKnownFileType = sourcecode.c.h; path = myScene3.h; sourceTree = "<group>"; };
		3335CA8F18BFFEE4009B45AF /* myScene3.m */ = {isa = PBXFileReference; fileEncoding = 4; lastKnownFileType = sourcecode.c.objc; path = myScene3.m; sourceTree = "<group>"; };
		3335CA9118BFFEEF009B45AF /* myScene4.h */ = {isa = PBXFileReference; fileEncoding = 4; lastKnownFileType = sourcecode.c.h; path = myScene4.h; sourceTree = "<group>"; };
		3335CA9218BFFEEF009B45AF /* myScene4.m */ = {isa = PBXFileReference; fileEncoding = 4; lastKnownFileType = sourcecode.c.objc; path = myScene4.m; sourceTree = "<group>"; };
		33A65E8118C2D8DF00CE6595 /* L1.png */ = {isa = PBXFileReference; lastKnownFileType = image.png; path = L1.png; sourceTree = "<group>"; };
		33A65E8218C2D8DF00CE6595 /* L1Heart.png */ = {isa = PBXFileReference; lastKnownFileType = image.png; path = L1Heart.png; sourceTree = "<group>"; };
		33A65E8318C2D8DF00CE6595 /* L2.png */ = {isa = PBXFileReference; lastKnownFileType = image.png; path = L2.png; sourceTree = "<group>"; };
		33A65E8418C2D8DF00CE6595 /* L2Hearts.png */ = {isa = PBXFileReference; lastKnownFileType = image.png; path = L2Hearts.png; sourceTree = "<group>"; };
		33A65E8518C2D8DF00CE6595 /* L3.png */ = {isa = PBXFileReference; lastKnownFileType = image.png; path = L3.png; sourceTree = "<group>"; };
		33A65E8618C2D8DF00CE6595 /* L3Hearts.png */ = {isa = PBXFileReference; lastKnownFileType = image.png; path = L3Hearts.png; sourceTree = "<group>"; };
		33A65E8718C2D8DF00CE6595 /* L4.png */ = {isa = PBXFileReference; lastKnownFileType = image.png; path = L4.png; sourceTree = "<group>"; };
		33A65E8818C2D8DF00CE6595 /* L4Hearts.png */ = {isa = PBXFileReference; lastKnownFileType = image.png; path = L4Hearts.png; sourceTree = "<group>"; };
		33A65E8918C2D8DF00CE6595 /* L12Bkgrd.png */ = {isa = PBXFileReference; lastKnownFileType = image.png; path = L12Bkgrd.png; sourceTree = "<group>"; };
		33A65E8A18C2D8DF00CE6595 /* L34Bkgrd.png */ = {isa = PBXFileReference; lastKnownFileType = image.png; path = L34Bkgrd.png; sourceTree = "<group>"; };
/* End PBXFileReference section */

/* Begin PBXFrameworksBuildPhase section */
		3335CA4618BFFC64009B45AF /* Frameworks */ = {
			isa = PBXFrameworksBuildPhase;
			buildActionMask = 2147483647;
			files = (
				3335CA4F18BFFC64009B45AF /* CoreGraphics.framework in Frameworks */,
				3335CA5118BFFC64009B45AF /* UIKit.framework in Frameworks */,
				3335CA5318BFFC64009B45AF /* SpriteKit.framework in Frameworks */,
				3335CA4D18BFFC64009B45AF /* Foundation.framework in Frameworks */,
			);
			runOnlyForDeploymentPostprocessing = 0;
		};
		3335CA6E18BFFC64009B45AF /* Frameworks */ = {
			isa = PBXFrameworksBuildPhase;
			buildActionMask = 2147483647;
			files = (
				3335CA7318BFFC64009B45AF /* XCTest.framework in Frameworks */,
				3335CA7518BFFC64009B45AF /* UIKit.framework in Frameworks */,
				3335CA7418BFFC64009B45AF /* Foundation.framework in Frameworks */,
			);
			runOnlyForDeploymentPostprocessing = 0;
		};
/* End PBXFrameworksBuildPhase section */

/* Begin PBXGroup section */
		3335CA4018BFFC64009B45AF = {
			isa = PBXGroup;
			children = (
				3335CA5418BFFC64009B45AF /* Character2 */,
				3335CA7818BFFC64009B45AF /* Character2Tests */,
				3335CA4B18BFFC64009B45AF /* Frameworks */,
				3335CA4A18BFFC64009B45AF /* Products */,
			);
			sourceTree = "<group>";
		};
		3335CA4A18BFFC64009B45AF /* Products */ = {
			isa = PBXGroup;
			children = (
				3335CA4918BFFC64009B45AF /* Character2.app */,
				3335CA7118BFFC64009B45AF /* Character2Tests.xctest */,
			);
			name = Products;
			sourceTree = "<group>";
		};
		3335CA4B18BFFC64009B45AF /* Frameworks */ = {
			isa = PBXGroup;
			children = (
				3335CA4C18BFFC64009B45AF /* Foundation.framework */,
				3335CA4E18BFFC64009B45AF /* CoreGraphics.framework */,
				3335CA5018BFFC64009B45AF /* UIKit.framework */,
				3335CA5218BFFC64009B45AF /* SpriteKit.framework */,
				3335CA7218BFFC64009B45AF /* XCTest.framework */,
			);
			name = Frameworks;
			sourceTree = "<group>";
		};
		3335CA5418BFFC64009B45AF /* Character2 */ = {
			isa = PBXGroup;
			children = (
				3335CA5D18BFFC64009B45AF /* XYZAppDelegate.h */,
				3335CA5E18BFFC64009B45AF /* XYZAppDelegate.m */,
				3335CA6018BFFC64009B45AF /* Main.storyboard */,
				3335CA6318BFFC64009B45AF /* XYZViewController.h */,
				3335CA6418BFFC64009B45AF /* XYZViewController.m */,
				33A65E8118C2D8DF00CE6595 /* L1.png */,
				33A65E8218C2D8DF00CE6595 /* L1Heart.png */,
				33A65E8318C2D8DF00CE6595 /* L2.png */,
				33A65E8418C2D8DF00CE6595 /* L2Hearts.png */,
				33A65E8518C2D8DF00CE6595 /* L3.png */,
				33A65E8618C2D8DF00CE6595 /* L3Hearts.png */,
				33A65E8718C2D8DF00CE6595 /* L4.png */,
				33A65E8818C2D8DF00CE6595 /* L4Hearts.png */,
				33A65E8918C2D8DF00CE6595 /* L12Bkgrd.png */,
				33A65E8A18C2D8DF00CE6595 /* L34Bkgrd.png */,
				3335CA8818BFFEBE009B45AF /* myScene1.h */,
				3335CA8918BFFEBE009B45AF /* myScene1.m */,
				3335CA8B18BFFED8009B45AF /* myScene2.h */,
				3335CA8C18BFFED8009B45AF /* myScene2.m */,
				3335CA8E18BFFEE4009B45AF /* myScene3.h */,
				3335CA8F18BFFEE4009B45AF /* myScene3.m */,
				3335CA9118BFFEEF009B45AF /* myScene4.h */,
				3335CA9218BFFEEF009B45AF /* myScene4.m */,
				3335CA6618BFFC64009B45AF /* XYZMyScene.h */,
				3335CA6718BFFC64009B45AF /* XYZMyScene.m */,
				3335CA6918BFFC64009B45AF /* Spaceship.png */,
				3335CA6B18BFFC64009B45AF /* Images.xcassets */,
				3335CA5518BFFC64009B45AF /* Supporting Files */,
			);
			path = Character2;
			sourceTree = "<group>";
		};
		3335CA5518BFFC64009B45AF /* Supporting Files */ = {
			isa = PBXGroup;
			children = (
				3335CA5618BFFC64009B45AF /* Character2-Info.plist */,
				3335CA5718BFFC64009B45AF /* InfoPlist.strings */,
				3335CA5A18BFFC64009B45AF /* main.m */,
				3335CA5C18BFFC64009B45AF /* Character2-Prefix.pch */,
			);
			name = "Supporting Files";
			sourceTree = "<group>";
		};
		3335CA7818BFFC64009B45AF /* Character2Tests */ = {
			isa = PBXGroup;
			children = (
				3335CA7E18BFFC64009B45AF /* Character2Tests.m */,
				3335CA7918BFFC64009B45AF /* Supporting Files */,
			);
			path = Character2Tests;
			sourceTree = "<group>";
		};
		3335CA7918BFFC64009B45AF /* Supporting Files */ = {
			isa = PBXGroup;
			children = (
				3335CA7A18BFFC64009B45AF /* Character2Tests-Info.plist */,
				3335CA7B18BFFC64009B45AF /* InfoPlist.strings */,
			);
			name = "Supporting Files";
			sourceTree = "<group>";
		};
/* End PBXGroup section */

/* Begin PBXNativeTarget section */
		3335CA4818BFFC64009B45AF /* Character2 */ = {
			isa = PBXNativeTarget;
			buildConfigurationList = 3335CA8218BFFC64009B45AF /* Build configuration list for PBXNativeTarget "Character2" */;
			buildPhases = (
				3335CA4518BFFC64009B45AF /* Sources */,
				3335CA4618BFFC64009B45AF /* Frameworks */,
				3335CA4718BFFC64009B45AF /* Resources */,
			);
			buildRules = (
			);
			dependencies = (
			);
			name = Character2;
			productName = Character2;
			productReference = 3335CA4918BFFC64009B45AF /* Character2.app */;
			productType = "com.apple.product-type.application";
		};
		3335CA7018BFFC64009B45AF /* Character2Tests */ = {
			isa = PBXNativeTarget;
			buildConfigurationList = 3335CA8518BFFC64009B45AF /* Build configuration list for PBXNativeTarget "Character2Tests" */;
			buildPhases = (
				3335CA6D18BFFC64009B45AF /* Sources */,
				3335CA6E18BFFC64009B45AF /* Frameworks */,
				3335CA6F18BFFC64009B45AF /* Resources */,
			);
			buildRules = (
			);
			dependencies = (
				3335CA7718BFFC64009B45AF /* PBXTargetDependency */,
			);
			name = Character2Tests;
			productName = Character2Tests;
			productReference = 3335CA7118BFFC64009B45AF /* Character2Tests.xctest */;
			productType = "com.apple.product-type.bundle.unit-test";
		};
/* End PBXNativeTarget section */

/* Begin PBXProject section */
		3335CA4118BFFC64009B45AF /* Project object */ = {
			isa = PBXProject;
			attributes = {
				CLASSPREFIX = XYZ;
				LastUpgradeCheck = 0500;
				ORGANIZATIONNAME = compagnb;
				TargetAttributes = {
					3335CA7018BFFC64009B45AF = {
						TestTargetID = 3335CA4818BFFC64009B45AF;
					};
				};
			};
			buildConfigurationList = 3335CA4418BFFC64009B45AF /* Build configuration list for PBXProject "Character2" */;
			compatibilityVersion = "Xcode 3.2";
			developmentRegion = English;
			hasScannedForEncodings = 0;
			knownRegions = (
				en,
				Base,
			);
			mainGroup = 3335CA4018BFFC64009B45AF;
			productRefGroup = 3335CA4A18BFFC64009B45AF /* Products */;
			projectDirPath = "";
			projectRoot = "";
			targets = (
				3335CA4818BFFC64009B45AF /* Character2 */,
				3335CA7018BFFC64009B45AF /* Character2Tests */,
			);
		};
/* End PBXProject section */

/* Begin PBXResourcesBuildPhase section */
		3335CA4718BFFC64009B45AF /* Resources */ = {
			isa = PBXResourcesBuildPhase;
			buildActionMask = 2147483647;
			files = (
				33A65E8B18C2D8DF00CE6595 /* L1.png in Resources */,
				33A65E8C18C2D8DF00CE6595 /* L1Heart.png in Resources */,
				33A65E9218C2D8DF00CE6595 /* L4Hearts.png in Resources */,
				33A65E8F18C2D8DF00CE6595 /* L3.png in Resources */,
				3335CA5918BFFC64009B45AF /* InfoPlist.strings in Resources */,
				33A65E8D18C2D8DF00CE6595 /* L2.png in Resources */,
				33A65E9418C2D8DF00CE6595 /* L34Bkgrd.png in Resources */,
				33A65E8E18C2D8DF00CE6595 /* L2Hearts.png in Resources */,
				3335CA6C18BFFC64009B45AF /* Images.xcassets in Resources */,
				33A65E9018C2D8DF00CE6595 /* L3Hearts.png in Resources */,
				33A65E9118C2D8DF00CE6595 /* L4.png in Resources */,
				33A65E9318C2D8DF00CE6595 /* L12Bkgrd.png in Resources */,
				3335CA6A18BFFC64009B45AF /* Spaceship.png in Resources */,
				3335CA6218BFFC64009B45AF /* Main.storyboard in Resources */,
			);
			runOnlyForDeploymentPostprocessing = 0;
		};
		3335CA6F18BFFC64009B45AF /* Resources */ = {
			isa = PBXResourcesBuildPhase;
			buildActionMask = 2147483647;
			files = (
				3335CA7D18BFFC64009B45AF /* InfoPlist.strings in Resources */,
			);
			runOnlyForDeploymentPostprocessing = 0;
		};
/* End PBXResourcesBuildPhase section */

/* Begin PBXSourcesBuildPhase section */
		3335CA4518BFFC64009B45AF /* Sources */ = {
			isa = PBXSourcesBuildPhase;
			buildActionMask = 2147483647;
			files = (
				3335CA8A18BFFEBE009B45AF /* myScene1.m in Sources */,
				3335CA8D18BFFED8009B45AF /* myScene2.m in Sources */,
				3335CA6518BFFC64009B45AF /* XYZViewController.m in Sources */,
				3335CA5F18BFFC64009B45AF /* XYZAppDelegate.m in Sources */,
				3335CA6818BFFC64009B45AF /* XYZMyScene.m in Sources */,
				3335CA9318BFFEEF009B45AF /* myScene4.m in Sources */,
				3335CA9018BFFEE4009B45AF /* myScene3.m in Sources */,
				3335CA5B18BFFC64009B45AF /* main.m in Sources */,
			);
			runOnlyForDeploymentPostprocessing = 0;
		};
		3335CA6D18BFFC64009B45AF /* Sources */ = {
			isa = PBXSourcesBuildPhase;
			buildActionMask = 2147483647;
			files = (
				3335CA7F18BFFC64009B45AF /* Character2Tests.m in Sources */,
			);
			runOnlyForDeploymentPostprocessing = 0;
		};
/* End PBXSourcesBuildPhase section */

/* Begin PBXTargetDependency section */
		3335CA7718BFFC64009B45AF /* PBXTargetDependency */ = {
			isa = PBXTargetDependency;
			target = 3335CA4818BFFC64009B45AF /* Character2 */;
			targetProxy = 3335CA7618BFFC64009B45AF /* PBXContainerItemProxy */;
		};
/* End PBXTargetDependency section */

/* Begin PBXVariantGroup section */
		3335CA5718BFFC64009B45AF /* InfoPlist.strings */ = {
			isa = PBXVariantGroup;
			children = (
				3335CA5818BFFC64009B45AF /* en */,
			);
			name = InfoPlist.strings;
			sourceTree = "<group>";
		};
		3335CA6018BFFC64009B45AF /* Main.storyboard */ = {
			isa = PBXVariantGroup;
			children = (
				3335CA6118BFFC64009B45AF /* Base */,
			);
			name = Main.storyboard;
			sourceTree = "<group>";
		};
		3335CA7B18BFFC64009B45AF /* InfoPlist.strings */ = {
			isa = PBXVariantGroup;
			children = (
				3335CA7C18BFFC64009B45AF /* en */,
			);
			name = InfoPlist.strings;
			sourceTree = "<group>";
		};
/* End PBXVariantGroup section */

/* Begin XCBuildConfiguration section */
		3335CA8018BFFC64009B45AF /* Debug */ = {
			isa = XCBuildConfiguration;
			buildSettings = {
				ALWAYS_SEARCH_USER_PATHS = NO;
				ARCHS = "$(ARCHS_STANDARD_INCLUDING_64_BIT)";
				CLANG_CXX_LANGUAGE_STANDARD = "gnu++0x";
				CLANG_CXX_LIBRARY = "libc++";
				CLANG_ENABLE_MODULES = YES;
				CLANG_ENABLE_OBJC_ARC = YES;
				CLANG_WARN_BOOL_CONVERSION = YES;
				CLANG_WARN_CONSTANT_CONVERSION = YES;
				CLANG_WARN_DIRECT_OBJC_ISA_USAGE = YES_ERROR;
				CLANG_WARN_EMPTY_BODY = YES;
				CLANG_WARN_ENUM_CONVERSION = YES;
				CLANG_WARN_INT_CONVERSION = YES;
				CLANG_WARN_OBJC_ROOT_CLASS = YES_ERROR;
				CLANG_WARN__DUPLICATE_METHOD_MATCH = YES;
				"CODE_SIGN_IDENTITY[sdk=iphoneos*]" = "iPhone Developer";
				COPY_PHASE_STRIP = NO;
				GCC_C_LANGUAGE_STANDARD = gnu99;
				GCC_DYNAMIC_NO_PIC = NO;
				GCC_OPTIMIZATION_LEVEL = 0;
				GCC_PREPROCESSOR_DEFINITIONS = (
					"DEBUG=1",
					"$(inherited)",
				);
				GCC_SYMBOLS_PRIVATE_EXTERN = NO;
				GCC_WARN_64_TO_32_BIT_CONVERSION = YES;
				GCC_WARN_ABOUT_RETURN_TYPE = YES_ERROR;
				GCC_WARN_UNDECLARED_SELECTOR = YES;
				GCC_WARN_UNINITIALIZED_AUTOS = YES;
				GCC_WARN_UNUSED_FUNCTION = YES;
				GCC_WARN_UNUSED_VARIABLE = YES;
				IPHONEOS_DEPLOYMENT_TARGET = 7.0;
				ONLY_ACTIVE_ARCH = YES;
				SDKROOT = iphoneos;
			};
			name = Debug;
		};
		3335CA8118BFFC64009B45AF /* Release */ = {
			isa = XCBuildConfiguration;
			buildSettings = {
				ALWAYS_SEARCH_USER_PATHS = NO;
				ARCHS = "$(ARCHS_STANDARD_INCLUDING_64_BIT)";
				CLANG_CXX_LANGUAGE_STANDARD = "gnu++0x";
				CLANG_CXX_LIBRARY = "libc++";
				CLANG_ENABLE_MODULES = YES;
				CLANG_ENABLE_OBJC_ARC = YES;
				CLANG_WARN_BOOL_CONVERSION = YES;
				CLANG_WARN_CONSTANT_CONVERSION = YES;
				CLANG_WARN_DIRECT_OBJC_ISA_USAGE = YES_ERROR;
				CLANG_WARN_EMPTY_BODY = YES;
				CLANG_WARN_ENUM_CONVERSION = YES;
				CLANG_WARN_INT_CONVERSION = YES;
				CLANG_WARN_OBJC_ROOT_CLASS = YES_ERROR;
				CLANG_WARN__DUPLICATE_METHOD_MATCH = YES;
				"CODE_SIGN_IDENTITY[sdk=iphoneos*]" = "iPhone Developer";
				COPY_PHASE_STRIP = YES;
				ENABLE_NS_ASSERTIONS = NO;
				GCC_C_LANGUAGE_STANDARD = gnu99;
				GCC_WARN_64_TO_32_BIT_CONVERSION = YES;
				GCC_WARN_ABOUT_RETURN_TYPE = YES_ERROR;
				GCC_WARN_UNDECLARED_SELECTOR = YES;
				GCC_WARN_UNINITIALIZED_AUTOS = YES;
				GCC_WARN_UNUSED_FUNCTION = YES;
				GCC_WARN_UNUSED_VARIABLE = YES;
				IPHONEOS_DEPLOYMENT_TARGET = 7.0;
				SDKROOT = iphoneos;
				VALIDATE_PRODUCT = YES;
			};
			name = Release;
		};
		3335CA8318BFFC64009B45AF /* Debug */ = {
			isa = XCBuildConfiguration;
			buildSettings = {
				ASSETCATALOG_COMPILER_APPICON_NAME = AppIcon;
				ASSETCATALOG_COMPILER_LAUNCHIMAGE_NAME = LaunchImage;
				GCC_PRECOMPILE_PREFIX_HEADER = YES;
				GCC_PREFIX_HEADER = "Character2/Character2-Prefix.pch";
				INFOPLIST_FILE = "Character2/Character2-Info.plist";
				PRODUCT_NAME = "$(TARGET_NAME)";
				SPRITEKIT_TEXTURE_ATLAS_OUTPUT = YES;
				WRAPPER_EXTENSION = app;
			};
			name = Debug;
		};
		3335CA8418BFFC64009B45AF /* Release */ = {
			isa = XCBuildConfiguration;
			buildSettings = {
				ASSETCATALOG_COMPILER_APPICON_NAME = AppIcon;
				ASSETCATALOG_COMPILER_LAUNCHIMAGE_NAME = LaunchImage;
				GCC_PRECOMPILE_PREFIX_HEADER = YES;
				GCC_PREFIX_HEADER = "Character2/Character2-Prefix.pch";
				INFOPLIST_FILE = "Character2/Character2-Info.plist";
				PRODUCT_NAME = "$(TARGET_NAME)";
				SPRITEKIT_TEXTURE_ATLAS_OUTPUT = YES;
				WRAPPER_EXTENSION = app;
			};
			name = Release;
		};
		3335CA8618BFFC64009B45AF /* Debug */ = {
			isa = XCBuildConfiguration;
			buildSettings = {
				ARCHS = "$(ARCHS_STANDARD_INCLUDING_64_BIT)";
				BUNDLE_LOADER = "$(BUILT_PRODUCTS_DIR)/Character2.app/Character2";
				FRAMEWORK_SEARCH_PATHS = (
					"$(SDKROOT)/Developer/Library/Frameworks",
					"$(inherited)",
					"$(DEVELOPER_FRAMEWORKS_DIR)",
				);
				GCC_PRECOMPILE_PREFIX_HEADER = YES;
				GCC_PREFIX_HEADER = "Character2/Character2-Prefix.pch";
				GCC_PREPROCESSOR_DEFINITIONS = (
					"DEBUG=1",
					"$(inherited)",
				);
				INFOPLIST_FILE = "Character2Tests/Character2Tests-Info.plist";
				PRODUCT_NAME = "$(TARGET_NAME)";
				TEST_HOST = "$(BUNDLE_LOADER)";
				WRAPPER_EXTENSION = xctest;
			};
			name = Debug;
		};
		3335CA8718BFFC64009B45AF /* Release */ = {
			isa = XCBuildConfiguration;
			buildSettings = {
				ARCHS = "$(ARCHS_STANDARD_INCLUDING_64_BIT)";
				BUNDLE_LOADER = "$(BUILT_PRODUCTS_DIR)/Character2.app/Character2";
				FRAMEWORK_SEARCH_PATHS = (
					"$(SDKROOT)/Developer/Library/Frameworks",
					"$(inherited)",
					"$(DEVELOPER_FRAMEWORKS_DIR)",
				);
				GCC_PRECOMPILE_PREFIX_HEADER = YES;
				GCC_PREFIX_HEADER = "Character2/Character2-Prefix.pch";
				INFOPLIST_FILE = "Character2Tests/Character2Tests-Info.plist";
				PRODUCT_NAME = "$(TARGET_NAME)";
				TEST_HOST = "$(BUNDLE_LOADER)";
				WRAPPER_EXTENSION = xctest;
			};
			name = Release;
		};
/* End XCBuildConfiguration section */

/* Begin XCConfigurationList section */
		3335CA4418BFFC64009B45AF /* Build configuration list for PBXProject "Character2" */ = {
			isa = XCConfigurationList;
			buildConfigurations = (
				3335CA8018BFFC64009B45AF /* Debug */,
				3335CA8118BFFC64009B45AF /* Release */,
			);
			defaultConfigurationIsVisible = 0;
			defaultConfigurationName = Release;
		};
		3335CA8218BFFC64009B45AF /* Build configuration list for PBXNativeTarget "Character2" */ = {
			isa = XCConfigurationList;
			buildConfigurations = (
				3335CA8318BFFC64009B45AF /* Debug */,
				3335CA8418BFFC64009B45AF /* Release */,
			);
			defaultConfigurationIsVisible = 0;
			defaultConfigurationName = Release;
		};
		3335CA8518BFFC64009B45AF /* Build configuration list for PBXNativeTarget "Character2Tests" */ = {
			isa = XCConfigurationList;
			buildConfigurations = (
				3335CA8618BFFC64009B45AF /* Debug */,
				3335CA8718BFFC64009B45AF /* Release */,
			);
			defaultConfigurationIsVisible = 0;
			defaultConfigurationName = Release;
		};
/* End XCConfigurationList section */
	};
	rootObject = 3335CA4118BFFC64009B45AF /* Project object */;
}
